{
  "nodes": {
    "base16-schemes": {
      "flake": false,
      "locked": {
        "lastModified": 1696158499,
        "narHash": "sha256-5yIHgDTPjoX/3oDEfLSQ0eJZdFL1SaCfb9d6M0RmOTM=",
        "owner": "tinted-theming",
        "repo": "base16-schemes",
        "rev": "a9112eaae86d9dd8ee6bb9445b664fba2f94037a",
        "type": "github"
      },
      "original": {
        "owner": "tinted-theming",
        "repo": "base16-schemes",
        "type": "github"
      }
    },
    "buildbot-nix": {
      "inputs": {
        "nixpkgs": [
          "nixpkgs"
        ],
        "treefmt-nix": "treefmt-nix"
      },
      "locked": {
        "lastModified": 1790494266,
        "narHash": "sha256-CfIzoqCxhHE6mnV/t0zfFi59kMEh0r3VadbQ8vhF9/0=",
        "owner": "nix-community",
        "repo": "buildbot-nix",
        "rev": "76ac471f531a3d2faa5c47b32a0eea271724ee18",
        "type": "github"
      },
      "original": {
        "owner": "nix-community",
        "repo": "buildbot-nix",
        "type": "github"
      }
    },
    "compose2nix": {
      "inputs": {
        "nixpkgs": [
          "nixpkgs"
        ],
        "onchg": "onchg"
      },
      "locked": {
        "lastModified": 1790597030,
        "narHash": "sha256-YGZ1Wp9ifdQLUUuVv0iU8DWIjcg/s2OQ24MQpo8xCqo=",
        "owner": "aksiksi",
        "repo": "compose2nix",
        "rev": "8a3589971c8455d6e12233552f079d898161a982",
        "type": "github"
      },
      "original": {
        "owner": "aksiksi",
        "repo": "compose2nix",
        "type": "github"
      }
    },
    "disko": {
      "inputs": {
        "nixpkgs": [
          "nixpkgs"
        ]
      },
      "locked": {
        "lastModified": 1789770686,
        "narHash": "sha256-uZkBR7yHdIKUFB5SZdfgh1qkGfI3XmYmI/lTiquxbck=",
        "owner": "nix-community",
        "repo": "disko",
        "rev": "725ea35e410ad83be4931d1bff7e090eacaf3563",
        "type": "github"
      },
      "original": {
        "owner": "nix-community",
        "repo": "disko",
        "type": "github"
      }
    },
    "flake-compat": {
      "flake": false,
      "locked": {
        "lastModified": 1767039857,
        "narHash": "sha256-vNpUSpF5Nuw8xvDLj2KCwwksIbjua2LZCqhV1LNRDns=",
        "owner": "NixOS",
        "repo": "flake-compat",
        "rev": "5edf11c44bc78a0d334f6334cdaf7d60d732daab",
        "type": "github"
      },
      "original": {
        "owner": "NixOS",
        "repo": "flake-compat",
        "type": "github"
      }
    },
    "flake-parts": {
      "inputs": {
        "nixpkgs-lib": [
          "nixvim",
          "nixpkgs"
        ]
      },
      "locked": {
        "lastModified": 1788450739,
        "narHash": "sha256-glZLQlzIn1fXH6PazR2iUmTo7kzzyYSshrWhLS9TqCU=",
        "owner": "hercules-ci",
        "repo": "flake-parts",
        "rev": "31729ca8cbdb4fa927b34e5f4353e6a83f39e993",
        "type": "github"
      },
      "original": {
        "owner": "hercules-ci",
        "repo": "flake-parts",
        "type": "github"
      }
    },
    "flake-utils": {
      "locked": {
        "lastModified": 1652776076,
        "narHash": "sha256-gzTw/v1vj4dOVbpBSJX4J0DwUR6LIyXo7/SuuTJp1kM=",
        "owner": "numtide",
        "repo": "flake-utils",
        "rev": "04c1b180862888302ddfb2e3ad9eaa63afc60cf8",
        "type": "github"
      },
      "original": {
        "owner": "numtide",
        "repo": "flake-utils",
        "type": "github"
      }
    },
    "home-manager": {
      "inputs": {
        "nixpkgs": [
          "nixpkgs"
        ]
      },
      "locked": {
        "lastModified": 1790365885,
        "narHash": "sha256-iQ0ebhiVo64NktTnwft9hNxlFu4j5cvljVxyJaEVIP4=",
        "owner": "nix-community",
        "repo": "home-manager",
        "rev": "7b4c5ec4bedaf1e062bbc1bcaeddbc6bd242aa1b",
        "type": "github"
      },
      "original": {
        "owner": "nix-community",
        "repo": "home-manager",
        "type": "github"
      }
    },
    "home-manager_2": {
      "inputs": {
        "nixpkgs": [
          "impermanence",
          "nixpkgs"
        ]
      },
      "locked": {
        "lastModified": 1768598210,
        "narHash": "sha256-kkgA32s/f4jaa4UG+2f8C225Qvclxnqs76mf8zvTVPg=",
        "owner": "nix-community",
        "repo": "home-manager",
        "rev": "c47b2cc64a629f8e075de52e4742de688f930dc6",
        "type": "github"
      },
      "original": {
        "owner": "nix-community",
        "repo": "home-manager",
        "type": "github"
      }
    },
    "impermanence": {
      "inputs": {
        "home-manager": "home-manager_2",
        "nixpkgs": "nixpkgs"
      },
      "locked": {
        "lastModified": 1769548169,
        "narHash": "sha256-03+JxvzmfwRu+5JafM0DLbxgHttOQZkUtDWBmeUkN8Y=",
        "owner": "nix-community",
        "repo": "impermanence",
        "rev": "7b1d382faf603b6d264f58627330f9faa5cba149",
        "type": "github"
      },
      "original": {
        "owner": "nix-community",
        "repo": "impermanence",
        "type": "github"
      }
    },
    "nix-colors": {
      "inputs": {
        "base16-schemes": "base16-schemes",
        "nixpkgs-lib": "nixpkgs-lib"
      },
      "locked": {
        "lastModified": 1707825078,
        "narHash": "sha256-hTfge2J2W+42SZ7VHXkf4kjU+qzFqPeC9k66jAUBMHk=",
        "owner": "misterio77",
        "repo": "nix-colors",
        "rev": "b01f024090d2c4fc3152cd0cf12027a7b8453ba1",
        "type": "github"
      },
      "original": {
        "owner": "misterio77",
        "repo": "nix-colors",
        "type": "github"
      }
    },
    "nix-config-secrets": {
      "flake": false,
      "locked": {
        "lastModified": 1790216745,
        "narHash": "sha256-lJHcuGrySX6h95wNnVy9FX0W912PFwXs6izya7OVZVc=",
        "ref": "main",
        "rev": "c4e5de13f2d966c29e9d8e087fe8b9c25f4eb06c",
        "shallow": true,
        "type": "git",
        "url": "ssh://git@github.com/parthiv-krishna/nix-config-secrets.git"
      },
      "original": {
        "ref": "main",
        "shallow": true,
        "type": "git",
        "url": "ssh://git@github.com/parthiv-krishna/nix-config-secrets.git"
      }
    },
    "nix-darwin": {
      "inputs": {
        "nixpkgs": [
          "nixpkgs"
        ]
      },
      "locked": {
        "lastModified": 1786845137,
        "narHash": "sha256-oQFip+v0luP8NIxJzmiW4Wu8bILsbFWom5l0zonl8hQ=",
        "owner": "nix-darwin",
        "repo": "nix-darwin",
        "rev": "4cff07de74b50e64bdd68cd4e722ab5b6b35ee48",
        "type": "github"
      },
      "original": {
        "owner": "nix-darwin",
        "repo": "nix-darwin",
        "type": "github"
      }
    },
    "nix-index-database": {
      "inputs": {
        "nixpkgs": [
          "nixpkgs"
        ]
      },
      "locked": {
        "lastModified": 1790499302,
        "narHash": "sha256-Gbf/U9ptJhQh0qnDnJ/+a8MAcq1HXunbArUTHR2wNYk=",
        "owner": "nix-community",
        "repo": "nix-index-database",
        "rev": "161d7c91accd93034bb3c295224d9d895a778573",
        "type": "github"
      },
      "original": {
        "owner": "nix-community",
        "repo": "nix-index-database",
        "type": "github"
      }
    },
    "nix-pre-commit": {
      "inputs": {
        "flake-utils": "flake-utils",
        "nixpkgs": [
          "compose2nix",
          "onchg",
          "nixpkgs"
        ]
      },
      "locked": {
        "lastModified": 1653259102,
        "narHash": "sha256-XfCEu4zur/N2Dk4v8wFiQAgJ7bgNqPqwWp1vBXkeczM=",
        "owner": "jmgilman",
        "repo": "nix-pre-commit",
        "rev": "6a99b2711c7eac9960939d8eb91e84322b22d50c",
        "type": "github"
      },
      "original": {
        "owner": "jmgilman",
        "repo": "nix-pre-commit",
        "type": "github"
      }
    },
    "nix-zulip": {
      "flake": false,
      "locked": {
        "lastModified": 1790066421,
        "narHash": "sha256-E0iLHYSpc1hoG80FsGEGGcqCpyWTEwyEIin+BgCzcp8=",
        "ref": "refs/heads/main",
        "rev": "8d3c67947daf692e6c06e4f52d122afbb1af4a1e",
        "revCount": 122,
        "type": "git",
        "url": "https://git.afnix.fr/nix-zulip/nix-zulip.git"
      },
      "original": {
        "type": "git",
        "url": "https://git.afnix.fr/nix-zulip/nix-zulip.git"
      }
    },
    "nixos-hardware": {
      "inputs": {
        "nixpkgs": "nixpkgs_2"
      },
      "locked": {
        "lastModified": 1790321948,
        "narHash": "sha256-mZGHLGi217oLIwzDM4PNRZeCNa6g2WBXURyXbNMFs7Y=",
        "owner": "NixOS",
        "repo": "nixos-hardware",
        "rev": "30d48a0ec6035f8140d0125af274f0de95f1e9b5",
        "type": "github"
      },
      "original": {
        "owner": "NixOS",
        "repo": "nixos-hardware",
        "type": "github"
      }
    },
    "nixpkgs": {
      "locked": {
        "lastModified": 1768564909,
        "narHash": "sha256-Kell/SpJYVkHWMvnhqJz/8DqQg2b6PguxVWOuadbHCc=",
        "owner": "nixos",
        "repo": "nixpkgs",
        "rev": "e4bae1bd10c9c57b2cf517953ab70060a828ee6f",
        "type": "github"
      },
      "original": {
        "owner": "nixos",
        "ref": "nixos-unstable",
        "repo": "nixpkgs",
        "type": "github"
      }
    },
    "nixpkgs-lib": {
      "locked": {
        "lastModified": 1697935651,
        "narHash": "sha256-qOfWjQ2JQSQL15KLh6D7xQhx0qgZlYZTYlcEiRuAMMw=",
        "owner": "nix-community",
        "repo": "nixpkgs.lib",
        "rev": "e1e11fdbb01113d85c7f41cada9d2847660e3902",
        "type": "github"
      },
      "original": {
        "owner": "nix-community",
        "repo": "nixpkgs.lib",
        "type": "github"
      }
    },
    "nixpkgs-pnpm9": {
      "locked": {
        "lastModified": 1786106723,
        "narHash": "sha256-zDSUbpoeo/9ZmD2+wXnzxoo1+uhL8vxc0b8yuYMKYq0=",
        "owner": "NixOS",
        "repo": "nixpkgs",
        "rev": "f13ff45afd1bb73e640eaa08a7066dbed07e3238",
        "type": "github"
      },
      "original": {
        "owner": "NixOS",
        "repo": "nixpkgs",
        "rev": "f13ff45afd1bb73e640eaa08a7066dbed07e3238",
        "type": "github"
      }
    },
    "nixpkgs_2": {
      "locked": {
        "lastModified": 1789546076,
        "narHash": "sha256-vWkSk5bbfTqdtMoSgD9FshACO8JCvXTFi+3cqEp0mH0=",
        "rev": "b1b875982b17dabde9b4a37f3e229e74913e6db3",
        "type": "tarball",
        "url": "https://releases.nixos.org/nixos/unstable/nixos-26.11pre1074753.b1b875982b17/nixexprs.tar.xz"
      },
      "original": {
        "type": "tarball",
        "url": "https://channels.nixos.org/nixos-unstable/nixexprs.tar.xz"
      }
    },
    "nixpkgs_3": {
      "locked": {
        "lastModified": 1790578696,
        "narHash": "sha256-EvoKOTtoIJ7Xflls2Nfo5WDcqjFJB0kuzwOz0nLWs0w=",
        "rev": "7a0f122f5090cf4c2ade2a13a0e229d4e19ba71f",
        "type": "tarball",
        "url": "https://releases.nixos.org/nixos/unstable/nixos-26.11pre1080855.7a0f122f5090/nixexprs.tar.zst"
      },
      "original": {
        "id": "nixpkgs",
        "ref": "nixos-unstable",
        "type": "indirect"
      }
    },
    "nixvim": {
      "inputs": {
        "flake-parts": "flake-parts",
        "nixpkgs": [
          "nixpkgs"
        ],
        "systems": "systems"
      },
      "locked": {
        "lastModified": 1790541651,
        "narHash": "sha256-/496IQz8qNWHHLnc3Zvr0l4uxJ34igNhJhn7ZKAefFk=",
        "owner": "nix-community",
        "repo": "nixvim",
        "rev": "5980a626794486abad69fca7667f9c11dfbc3bd7",
        "type": "github"
      },
      "original": {
        "owner": "nix-community",
        "repo": "nixvim",
        "type": "github"
      }
    },
    "onchg": {
      "inputs": {
        "nix-pre-commit": "nix-pre-commit",
        "nixpkgs": [
          "compose2nix",
          "nixpkgs"
        ]
      },
      "locked": {
        "lastModified": 1720368454,
        "narHash": "sha256-NUSw3G2gsQX8/G64/pDBb1oitM+x13m7nFRvpiI4a+s=",
        "owner": "aksiksi",
        "repo": "onchg-rs",
        "rev": "c42b693d10920874b3644ef1502e33318409d69c",
        "type": "github"
      },
      "original": {
        "owner": "aksiksi",
        "repo": "onchg-rs",
        "type": "github"
      }
    },
    "pre-commit-hooks": {
      "inputs": {
        "flake-compat": "flake-compat",
        "nixpkgs": [
          "nixpkgs"
        ]
      },
      "locked": {
        "lastModified": 1790500375,
        "narHash": "sha256-XN3sDtn8TU9hAc9xqZ+SqRB/HHm2wjxM6aSWYLJU+oo=",
        "owner": "cachix",
        "repo": "git-hooks.nix",
        "rev": "a0e4241b51206fbcbf52fd322eb5f0cd80f153c4",
        "type": "github"
      },
      "original": {
        "owner": "cachix",
        "repo": "git-hooks.nix",
        "type": "github"
      }
    },
    "root": {
      "inputs": {
        "buildbot-nix": "buildbot-nix",
        "compose2nix": "compose2nix",
        "disko": "disko",
        "home-manager": "home-manager",
        "impermanence": "impermanence",
        "nix-colors": "nix-colors",
        "nix-config-secrets": "nix-config-secrets",
        "nix-darwin": "nix-darwin",
        "nix-index-database": "nix-index-database",
        "nix-zulip": "nix-zulip",
        "nixos-hardware": "nixos-hardware",
        "nixpkgs": "nixpkgs_3",
        "nixpkgs-pnpm9": "nixpkgs-pnpm9",
        "nixvim": "nixvim",
        "pre-commit-hooks": "pre-commit-hooks",
        "sops-nix": "sops-nix",
        "sub0-assistants": "sub0-assistants",
        "treefmt-nix": "treefmt-nix_2",
        "vpnconfinement": "vpnconfinement"
      }
    },
    "sops-nix": {
      "inputs": {
        "nixpkgs": [
          "nixpkgs"
        ]
      },
      "locked": {
        "lastModified": 1790498116,
        "narHash": "sha256-rs9meAYxW3zzrh43yaW7htrqCD+X9+pupDPHN86fumI=",
        "owner": "mic92",
        "repo": "sops-nix",
        "rev": "5efb5a6f4f5ab192817d28557dd4d650fa14d866",
        "type": "github"
      },
      "original": {
        "owner": "mic92",
        "repo": "sops-nix",
        "type": "github"
      }
    },
    "sub0-assistants": {
      "inputs": {
        "nixpkgs": [
          "nixpkgs"
        ]
      },
      "locked": {
        "lastModified": 1790266177,
        "narHash": "sha256-SQQB6Lq/KOXi+Ti8adMlPPzH45PG/mkakrkhfXksf48=",
        "ref": "main",
        "rev": "09104018cafeabb14a5e5e4e514b6dd4b7a3f74d",
        "revCount": 90,
        "type": "git",
        "url": "https://git.sub0.net/parthiv/sub0-assistants.git"
      },
      "original": {
        "ref": "main",
        "type": "git",
        "url": "https://git.sub0.net/parthiv/sub0-assistants.git"
      }
    },
    "systems": {
      "flake": false,
      "locked": {
        "lastModified": 1774449309,
        "narHash": "sha256-brhZ8DmuGtzkCYHJg4HEd602amKm89Y9ytsFZ5uWD1w=",
        "owner": "nix-systems",
        "repo": "default",
        "rev": "c29398b59d2048c4ab79345812849c9bd15e9150",
        "type": "github"
      },
      "original": {
        "owner": "nix-systems",
        "ref": "future-26.11",
        "repo": "default",
        "type": "github"
      }
    },
    "treefmt-nix": {
      "inputs": {
        "nixpkgs": [
          "buildbot-nix",
          "nixpkgs"
        ]
      },
      "locked": {
        "lastModified": 1786901030,
        "narHash": "sha256-WSFCsDSE5ffgD2MqzkM2CYjeFiKhRF/dJUN8uedb6YE=",
        "owner": "numtide",
        "repo": "treefmt-nix",
        "rev": "27b3b12a8e6375f28ebe122f07d230ca5459bbfa",
        "type": "github"
      },
      "original": {
        "owner": "numtide",
        "repo": "treefmt-nix",
        "type": "github"
      }
    },
    "treefmt-nix_2": {
      "inputs": {
        "nixpkgs": [
          "nixpkgs"
        ]
      },
      "locked": {
        "lastModified": 1786901030,
        "narHash": "sha256-WSFCsDSE5ffgD2MqzkM2CYjeFiKhRF/dJUN8uedb6YE=",
        "owner": "numtide",
        "repo": "treefmt-nix",
        "rev": "27b3b12a8e6375f28ebe122f07d230ca5459bbfa",
        "type": "github"
      },
      "original": {
        "owner": "numtide",
        "repo": "treefmt-nix",
        "type": "github"
      }
    },
    "vpnconfinement": {
      "locked": {
        "lastModified": 1789394839,
        "narHash": "sha256-trdjVJKmDBbzgbP8pd+R7iKbGkdRu0nmXgQlBR/hEiU=",
        "owner": "Maroka-chan",
        "repo": "VPN-Confinement",
        "rev": "a21f66ccd9f644c3770ccdf287cb380c00192628",
        "type": "github"
      },
      "original": {
        "owner": "Maroka-chan",
        "repo": "VPN-Confinement",
        "type": "github"
      }
    }
  },
  "root": "root",
  "version": 7
}
